
Microsoft Visual Studio Solution File, Format Version 12.00
# Visual Studio Version 17
VisualStudioVersion = 17.14.36414.22
MinimumVisualStudioVersion = 10.0.40219.1
Project("{FAE04EC0-301F-11D3-BF4B-00C04F79EFBC}") = "SimpleBank", "SimpleBank\SimpleBank.csproj", "{48505C8B-7F7F-41FF-AA9C-AF3D963E996E}"
EndProject
Project("{FAE04EC0-301F-11D3-BF4B-00C04F79EFBC}") = "WalletProject", "WalletProject\WalletProject.csproj", "{0E829403-8034-4F9B-9BBB-5FD220403115}"
EndProject
Project("{FAE04EC0-301F-11D3-BF4B-00C04F79EFBC}") = "TemperatureSensor", "TemperatureSensor\TemperatureSensor.csproj", "{1F430238-D3B2-4DE2-B5C1-E45C63995DC3}"
EndProject
Project("{FAE04EC0-301F-11D3-BF4B-00C04F79EFBC}") = "StudentTrackingSystem", "StudentTrackingSystem\StudentTrackingSystem.csproj", "{373BB105-005A-4201-A4D7-752639A00C01}"
EndProject
Project("{FAE04EC0-301F-11D3-BF4B-00C04F79EFBC}") = "BookTrackingSystem", "BookTrackingSystem\BookTrackingSystem.csproj", "{B97F04D6-F2B7-43D8-87EA-3C9DD563CFAC}"
EndProject
Project("{FAE04EC0-301F-11D3-BF4B-00C04F79EFBC}") = "ProductTrackingSystem", "ProductTrackingSystem\ProductTrackingSystem.csproj", "{10D1B808-2300-49BB-BBB7-3C0424D1CDC1}"
EndProject
Project("{FAE04EC0-301F-11D3-BF4B-00C04F79EFBC}") = "MovieTrackingSystem", "MovieTrackingSystem\MovieTrackingSystem.csproj", "{1810E07D-E0C7-473D-97F6-5076B0762C5B}"
EndProject
Project("{FAE04EC0-301F-11D3-BF4B-00C04F79EFBC}") = "Elektronics", "Elektronics\Elektronics.csproj", "{76BC9475-6507-43EE-8C8C-4EA6D5C63EF8}"
EndProject
Project("{FAE04EC0-301F-11D3-BF4B-00C04F79EFBC}") = "Transport", "Transport\Transport.csproj", "{16A07A8C-C788-4C15-850D-21BE33292BF5}"
EndProject
Project("{FAE04EC0-301F-11D3-BF4B-00C04F79EFBC}") = "School", "School\School.csproj", "{07BB745C-4E12-4D7B-A347-ADEF9F16133E}"
EndProject
Project("{FAE04EC0-301F-11D3-BF4B-00C04F79EFBC}") = "CarRental", "CarRental\CarRental.csproj", "{EFF5DA4B-7919-4614-9C2D-594AC5CC25FB}"
EndProject
Project("{FAE04EC0-301F-11D3-BF4B-00C04F79EFBC}") = "Library", "Library\Library.csproj", "{05A76689-A753-40EE-BCED-2CE32409D78A}"
EndProject
Project("{FAE04EC0-301F-11D3-BF4B-00C04F79EFBC}") = "Zoo", "Zoo\Zoo.csproj", "{15DC0257-3AE3-4FA3-A99D-098F05F86C7E}"
EndProject
Project("{FAE04EC0-301F-11D3-BF4B-00C04F79EFBC}") = "PaymentSystem", "PaymentSystem\PaymentSystem.csproj", "{C8FCAD4B-7F2A-433D-A53E-3017137BF74F}"
EndProject
Project("{FAE04EC0-301F-11D3-BF4B-00C04F79EFBC}") = "NotificationSystem", "NotificationSystem\NotificationSystem.csproj", "{F16D87AA-E68C-4083-92CE-A7C6656C2810}"
EndProject
Project("{FAE04EC0-301F-11D3-BF4B-00C04F79EFBC}") = "TransportationSystem", "TransportationSystem\TransportationSystem.csproj", "{7CC9478B-99F6-4DC4-A793-D3D99C9BF48A}"
EndProject
Project("{FAE04EC0-301F-11D3-BF4B-00C04F79EFBC}") = "RestaurantOrderingSystem", "RestaurantOrderingSystem\RestaurantOrderingSystem.csproj", "{50B00916-6CE4-49B1-BB58-EF385EF0111D}"
EndProject
Project("{FAE04EC0-301F-11D3-BF4B-00C04F79EFBC}") = "LibraryManagementSystem", "LibraryManagementSystem\LibraryManagementSystem.csproj", "{353050C7-535D-4124-90AF-A191BD25B968}"
EndProject
Project("{FAE04EC0-301F-11D3-BF4B-00C04F79EFBC}") = "AbstractPaymentSystem", "AbstractPaymentSystem\AbstractPaymentSystem.csproj", "{BEBE5870-C749-4B70-9F8F-843E5FFBCD77}"
EndProject
Project("{FAE04EC0-301F-11D3-BF4B-00C04F79EFBC}") = "AbstractCarRental", "AbstractCarRental\AbstractCarRental.csproj", "{ECED2D17-B060-4289-A1C2-1EBA3B34ADC5}"
EndProject
Project("{FAE04EC0-301F-11D3-BF4B-00C04F79EFBC}") = "AbstractLibraryManagementSystem", "AbstractLibraryManagementSystem\AbstractLibraryManagementSystem.csproj", "{1B74405D-7990-4618-AF6C-831EAD1FAF43}"
EndProject
Project("{FAE04EC0-301F-11D3-BF4B-00C04F79EFBC}") = "AbstractHospitalManagementSystem", "AbstractHospitalManagementSystem\AbstractHospitalManagementSystem.csproj", "{29C7667A-1F54-4804-B1F1-124DEF622588}"
EndProject
Project("{FAE04EC0-301F-11D3-BF4B-00C04F79EFBC}") = "AbstractSchoolManagementSystem", "AbstractSchoolManagementSystem\AbstractSchoolManagementSystem.csproj", "{9011350B-213D-4D1E-B0F1-CCBB56A56813}"
EndProject
Project("{FAE04EC0-301F-11D3-BF4B-00C04F79EFBC}") = "AbstractVehicleManagementSystem", "AbstractVehicleManagementSystem\AbstractVehicleManagementSystem.csproj", "{DFD39959-B952-4784-ACEC-4B2D37167356}"
EndProject
Project("{FAE04EC0-301F-11D3-BF4B-00C04F79EFBC}") = "AbstractEmployeeManagementSystem", "AbstractEmployeeManagementSystem\AbstractEmployeeManagementSystem.csproj", "{F2BEE6ED-4E4A-4059-B0E4-958E0C57D7FC}"
EndProject
Project("{FAE04EC0-301F-11D3-BF4B-00C04F79EFBC}") = "AbstractShapeDrawingSystem", "AbstractShapeDrawingSystem\AbstractShapeDrawingSystem.csproj", "{B42EF7AB-B742-4D9E-9FE9-B96D79FCF7B6}"
EndProject
Project("{FAE04EC0-301F-11D3-BF4B-00C04F79EFBC}") = "InterfaceAlarmSystem", "InterfaceAlarmSystem\InterfaceAlarmSystem.csproj", "{8ED9EE1F-3687-485F-A220-EE931224E1AA}"
EndProject
Global
	GlobalSection(SolutionConfigurationPlatforms) = preSolution
		Debug|Any CPU = Debug|Any CPU
		Release|Any CPU = Release|Any CPU
	EndGlobalSection
	GlobalSection(ProjectConfigurationPlatforms) = postSolution
		{48505C8B-7F7F-41FF-AA9C-AF3D963E996E}.Debug|Any CPU.ActiveCfg = Debug|Any CPU
		{48505C8B-7F7F-41FF-AA9C-AF3D963E996E}.Debug|Any CPU.Build.0 = Debug|Any CPU
		{48505C8B-7F7F-41FF-AA9C-AF3D963E996E}.Release|Any CPU.ActiveCfg = Release|Any CPU
		{48505C8B-7F7F-41FF-AA9C-AF3D963E996E}.Release|Any CPU.Build.0 = Release|Any CPU
		{0E829403-8034-4F9B-9BBB-5FD220403115}.Debug|Any CPU.ActiveCfg = Debug|Any CPU
		{0E829403-8034-4F9B-9BBB-5FD220403115}.Debug|Any CPU.Build.0 = Debug|Any CPU
		{0E829403-8034-4F9B-9BBB-5FD220403115}.Release|Any CPU.ActiveCfg = Release|Any CPU
		{0E829403-8034-4F9B-9BBB-5FD220403115}.Release|Any CPU.Build.0 = Release|Any CPU
		{1F430238-D3B2-4DE2-B5C1-E45C63995DC3}.Debug|Any CPU.ActiveCfg = Debug|Any CPU
		{1F430238-D3B2-4DE2-B5C1-E45C63995DC3}.Debug|Any CPU.Build.0 = Debug|Any CPU
		{1F430238-D3B2-4DE2-B5C1-E45C63995DC3}.Release|Any CPU.ActiveCfg = Release|Any CPU
		{1F430238-D3B2-4DE2-B5C1-E45C63995DC3}.Release|Any CPU.Build.0 = Release|Any CPU
		{373BB105-005A-4201-A4D7-752639A00C01}.Debug|Any CPU.ActiveCfg = Debug|Any CPU
		{373BB105-005A-4201-A4D7-752639A00C01}.Debug|Any CPU.Build.0 = Debug|Any CPU
		{373BB105-005A-4201-A4D7-752639A00C01}.Release|Any CPU.ActiveCfg = Release|Any CPU
		{373BB105-005A-4201-A4D7-752639A00C01}.Release|Any CPU.Build.0 = Release|Any CPU
		{B97F04D6-F2B7-43D8-87EA-3C9DD563CFAC}.Debug|Any CPU.ActiveCfg = Debug|Any CPU
		{B97F04D6-F2B7-43D8-87EA-3C9DD563CFAC}.Debug|Any CPU.Build.0 = Debug|Any CPU
		{B97F04D6-F2B7-43D8-87EA-3C9DD563CFAC}.Release|Any CPU.ActiveCfg = Release|Any CPU
		{B97F04D6-F2B7-43D8-87EA-3C9DD563CFAC}.Release|Any CPU.Build.0 = Release|Any CPU
		{10D1B808-2300-49BB-BBB7-3C0424D1CDC1}.Debug|Any CPU.ActiveCfg = Debug|Any CPU
		{10D1B808-2300-49BB-BBB7-3C0424D1CDC1}.Debug|Any CPU.Build.0 = Debug|Any CPU
		{10D1B808-2300-49BB-BBB7-3C0424D1CDC1}.Release|Any CPU.ActiveCfg = Release|Any CPU
		{10D1B808-2300-49BB-BBB7-3C0424D1CDC1}.Release|Any CPU.Build.0 = Release|Any CPU
		{1810E07D-E0C7-473D-97F6-5076B0762C5B}.Debug|Any CPU.ActiveCfg = Debug|Any CPU
		{1810E07D-E0C7-473D-97F6-5076B0762C5B}.Debug|Any CPU.Build.0 = Debug|Any CPU
		{1810E07D-E0C7-473D-97F6-5076B0762C5B}.Release|Any CPU.ActiveCfg = Release|Any CPU
		{1810E07D-E0C7-473D-97F6-5076B0762C5B}.Release|Any CPU.Build.0 = Release|Any CPU
		{76BC9475-6507-43EE-8C8C-4EA6D5C63EF8}.Debug|Any CPU.ActiveCfg = Debug|Any CPU
		{76BC9475-6507-43EE-8C8C-4EA6D5C63EF8}.Debug|Any CPU.Build.0 = Debug|Any CPU
		{76BC9475-6507-43EE-8C8C-4EA6D5C63EF8}.Release|Any CPU.ActiveCfg = Release|Any CPU
		{76BC9475-6507-43EE-8C8C-4EA6D5C63EF8}.Release|Any CPU.Build.0 = Release|Any CPU
		{16A07A8C-C788-4C15-850D-21BE33292BF5}.Debug|Any CPU.ActiveCfg = Debug|Any CPU
		{16A07A8C-C788-4C15-850D-21BE33292BF5}.Debug|Any CPU.Build.0 = Debug|Any CPU
		{16A07A8C-C788-4C15-850D-21BE33292BF5}.Release|Any CPU.ActiveCfg = Release|Any CPU
		{16A07A8C-C788-4C15-850D-21BE33292BF5}.Release|Any CPU.Build.0 = Release|Any CPU
		{07BB745C-4E12-4D7B-A347-ADEF9F16133E}.Debug|Any CPU.ActiveCfg = Debug|Any CPU
		{07BB745C-4E12-4D7B-A347-ADEF9F16133E}.Debug|Any CPU.Build.0 = Debug|Any CPU
		{07BB745C-4E12-4D7B-A347-ADEF9F16133E}.Release|Any CPU.ActiveCfg = Release|Any CPU
		{07BB745C-4E12-4D7B-A347-ADEF9F16133E}.Release|Any CPU.Build.0 = Release|Any CPU
		{EFF5DA4B-7919-4614-9C2D-594AC5CC25FB}.Debug|Any CPU.ActiveCfg = Debug|Any CPU
		{EFF5DA4B-7919-4614-9C2D-594AC5CC25FB}.Debug|Any CPU.Build.0 = Debug|Any CPU
		{EFF5DA4B-7919-4614-9C2D-594AC5CC25FB}.Release|Any CPU.ActiveCfg = Release|Any CPU
		{EFF5DA4B-7919-4614-9C2D-594AC5CC25FB}.Release|Any CPU.Build.0 = Release|Any CPU
		{05A76689-A753-40EE-BCED-2CE32409D78A}.Debug|Any CPU.ActiveCfg = Debug|Any CPU
		{05A76689-A753-40EE-BCED-2CE32409D78A}.Debug|Any CPU.Build.0 = Debug|Any CPU
		{05A76689-A753-40EE-BCED-2CE32409D78A}.Release|Any CPU.ActiveCfg = Release|Any CPU
		{05A76689-A753-40EE-BCED-2CE32409D78A}.Release|Any CPU.Build.0 = Release|Any CPU
		{15DC0257-3AE3-4FA3-A99D-098F05F86C7E}.Debug|Any CPU.ActiveCfg = Debug|Any CPU
		{15DC0257-3AE3-4FA3-A99D-098F05F86C7E}.Debug|Any CPU.Build.0 = Debug|Any CPU
		{15DC0257-3AE3-4FA3-A99D-098F05F86C7E}.Release|Any CPU.ActiveCfg = Release|Any CPU
		{15DC0257-3AE3-4FA3-A99D-098F05F86C7E}.Release|Any CPU.Build.0 = Release|Any CPU
		{C8FCAD4B-7F2A-433D-A53E-3017137BF74F}.Debug|Any CPU.ActiveCfg = Debug|Any CPU
		{C8FCAD4B-7F2A-433D-A53E-3017137BF74F}.Debug|Any CPU.Build.0 = Debug|Any CPU
		{C8FCAD4B-7F2A-433D-A53E-3017137BF74F}.Release|Any CPU.ActiveCfg = Release|Any CPU
		{C8FCAD4B-7F2A-433D-A53E-3017137BF74F}.Release|Any CPU.Build.0 = Release|Any CPU
		{F16D87AA-E68C-4083-92CE-A7C6656C2810}.Debug|Any CPU.ActiveCfg = Debug|Any CPU
		{F16D87AA-E68C-4083-92CE-A7C6656C2810}.Debug|Any CPU.Build.0 = Debug|Any CPU
		{F16D87AA-E68C-4083-92CE-A7C6656C2810}.Release|Any CPU.ActiveCfg = Release|Any CPU
		{F16D87AA-E68C-4083-92CE-A7C6656C2810}.Release|Any CPU.Build.0 = Release|Any CPU
		{7CC9478B-99F6-4DC4-A793-D3D99C9BF48A}.Debug|Any CPU.ActiveCfg = Debug|Any CPU
		{7CC9478B-99F6-4DC4-A793-D3D99C9BF48A}.Debug|Any CPU.Build.0 = Debug|Any CPU
		{7CC9478B-99F6-4DC4-A793-D3D99C9BF48A}.Release|Any CPU.ActiveCfg = Release|Any CPU
		{7CC9478B-99F6-4DC4-A793-D3D99C9BF48A}.Release|Any CPU.Build.0 = Release|Any CPU
		{50B00916-6CE4-49B1-BB58-EF385EF0111D}.Debug|Any CPU.ActiveCfg = Debug|Any CPU
		{50B00916-6CE4-49B1-BB58-EF385EF0111D}.Debug|Any CPU.Build.0 = Debug|Any CPU
		{50B00916-6CE4-49B1-BB58-EF385EF0111D}.Release|Any CPU.ActiveCfg = Release|Any CPU
		{50B00916-6CE4-49B1-BB58-EF385EF0111D}.Release|Any CPU.Build.0 = Release|Any CPU
		{353050C7-535D-4124-90AF-A191BD25B968}.Debug|Any CPU.ActiveCfg = Debug|Any CPU
		{353050C7-535D-4124-90AF-A191BD25B968}.Debug|Any CPU.Build.0 = Debug|Any CPU
		{353050C7-535D-4124-90AF-A191BD25B968}.Release|Any CPU.ActiveCfg = Release|Any CPU
		{353050C7-535D-4124-90AF-A191BD25B968}.Release|Any CPU.Build.0 = Release|Any CPU
		{BEBE5870-C749-4B70-9F8F-843E5FFBCD77}.Debug|Any CPU.ActiveCfg = Debug|Any CPU
		{BEBE5870-C749-4B70-9F8F-843E5FFBCD77}.Debug|Any CPU.Build.0 = Debug|Any CPU
		{BEBE5870-C749-4B70-9F8F-843E5FFBCD77}.Release|Any CPU.ActiveCfg = Release|Any CPU
		{BEBE5870-C749-4B70-9F8F-843E5FFBCD77}.Release|Any CPU.Build.0 = Release|Any CPU
		{ECED2D17-B060-4289-A1C2-1EBA3B34ADC5}.Debug|Any CPU.ActiveCfg = Debug|Any CPU
		{ECED2D17-B060-4289-A1C2-1EBA3B34ADC5}.Debug|Any CPU.Build.0 = Debug|Any CPU
		{ECED2D17-B060-4289-A1C2-1EBA3B34ADC5}.Release|Any CPU.ActiveCfg = Release|Any CPU
		{ECED2D17-B060-4289-A1C2-1EBA3B34ADC5}.Release|Any CPU.Build.0 = Release|Any CPU
		{1B74405D-7990-4618-AF6C-831EAD1FAF43}.Debug|Any CPU.ActiveCfg = Debug|Any CPU
		{1B74405D-7990-4618-AF6C-831EAD1FAF43}.Debug|Any CPU.Build.0 = Debug|Any CPU
		{1B74405D-7990-4618-AF6C-831EAD1FAF43}.Release|Any CPU.ActiveCfg = Release|Any CPU
		{1B74405D-7990-4618-AF6C-831EAD1FAF43}.Release|Any CPU.Build.0 = Release|Any CPU
		{29C7667A-1F54-4804-B1F1-124DEF622588}.Debug|Any CPU.ActiveCfg = Debug|Any CPU
		{29C7667A-1F54-4804-B1F1-124DEF622588}.Debug|Any CPU.Build.0 = Debug|Any CPU
		{29C7667A-1F54-4804-B1F1-124DEF622588}.Release|Any CPU.ActiveCfg = Release|Any CPU
		{29C7667A-1F54-4804-B1F1-124DEF622588}.Release|Any CPU.Build.0 = Release|Any CPU
		{9011350B-213D-4D1E-B0F1-CCBB56A56813}.Debug|Any CPU.ActiveCfg = Debug|Any CPU
		{9011350B-213D-4D1E-B0F1-CCBB56A56813}.Debug|Any CPU.Build.0 = Debug|Any CPU
		{9011350B-213D-4D1E-B0F1-CCBB56A56813}.Release|Any CPU.ActiveCfg = Release|Any CPU
		{9011350B-213D-4D1E-B0F1-CCBB56A56813}.Release|Any CPU.Build.0 = Release|Any CPU
		{DFD39959-B952-4784-ACEC-4B2D37167356}.Debug|Any CPU.ActiveCfg = Debug|Any CPU
		{DFD39959-B952-4784-ACEC-4B2D37167356}.Debug|Any CPU.Build.0 = Debug|Any CPU
		{DFD39959-B952-4784-ACEC-4B2D37167356}.Release|Any CPU.ActiveCfg = Release|Any CPU
		{DFD39959-B952-4784-ACEC-4B2D37167356}.Release|Any CPU.Build.0 = Release|Any CPU
		{F2BEE6ED-4E4A-4059-B0E4-958E0C57D7FC}.Debug|Any CPU.ActiveCfg = Debug|Any CPU
		{F2BEE6ED-4E4A-4059-B0E4-958E0C57D7FC}.Debug|Any CPU.Build.0 = Debug|Any CPU
		{F2BEE6ED-4E4A-4059-B0E4-958E0C57D7FC}.Release|Any CPU.ActiveCfg = Release|Any CPU
		{F2BEE6ED-4E4A-4059-B0E4-958E0C57D7FC}.Release|Any CPU.Build.0 = Release|Any CPU
		{B42EF7AB-B742-4D9E-9FE9-B96D79FCF7B6}.Debug|Any CPU.ActiveCfg = Debug|Any CPU
		{B42EF7AB-B742-4D9E-9FE9-B96D79FCF7B6}.Debug|Any CPU.Build.0 = Debug|Any CPU
		{B42EF7AB-B742-4D9E-9FE9-B96D79FCF7B6}.Release|Any CPU.ActiveCfg = Release|Any CPU
		{B42EF7AB-B742-4D9E-9FE9-B96D79FCF7B6}.Release|Any CPU.Build.0 = Release|Any CPU
		{8ED9EE1F-3687-485F-A220-EE931224E1AA}.Debug|Any CPU.ActiveCfg = Debug|Any CPU
		{8ED9EE1F-3687-485F-A220-EE931224E1AA}.Debug|Any CPU.Build.0 = Debug|Any CPU
		{8ED9EE1F-3687-485F-A220-EE931224E1AA}.Release|Any CPU.ActiveCfg = Release|Any CPU
		{8ED9EE1F-3687-485F-A220-EE931224E1AA}.Release|Any CPU.Build.0 = Release|Any CPU
	EndGlobalSection
	GlobalSection(SolutionProperties) = preSolution
		HideSolutionNode = FALSE
	EndGlobalSection
	GlobalSection(ExtensibilityGlobals) = postSolution
		SolutionGuid = {30C3EF4A-99EC-49A3-B892-4C538A324EE4}
	EndGlobalSection
EndGlobal
