
Microsoft Visual Studio Solution File, Format Version 12.00
# Visual Studio Version 17
VisualStudioVersion = 17.14.36414.22
MinimumVisualStudioVersion = 10.0.40219.1
Project("{FAE04EC0-301F-11D3-BF4B-00C04F79EFBC}") = "SimpleBank", "SimpleBank\SimpleBank.csproj", "{48505C8B-7F7F-41FF-AA9C-AF3D963E996E}"
EndProject
Project("{FAE04EC0-301F-11D3-BF4B-00C04F79EFBC}") = "WalletProject", "WalletProject\WalletProject.csproj", "{0E829403-8034-4F9B-9BBB-5FD220403115}"
EndProject
Project("{FAE04EC0-301F-11D3-BF4B-00C04F79EFBC}") = "TemperatureSensor", "TemperatureSensor\TemperatureSensor.csproj", "{1F430238-D3B2-4DE2-B5C1-E45C63995DC3}"
EndProject
Project("{FAE04EC0-301F-11D3-BF4B-00C04F79EFBC}") = "StudentTrackingSystem", "StudentTrackingSystem\StudentTrackingSystem.csproj", "{373BB105-005A-4201-A4D7-752639A00C01}"
EndProject
Project("{FAE04EC0-301F-11D3-BF4B-00C04F79EFBC}") = "BookTrackingSystem", "BookTrackingSystem\BookTrackingSystem.csproj", "{B97F04D6-F2B7-43D8-87EA-3C9DD563CFAC}"
EndProject
Project("{FAE04EC0-301F-11D3-BF4B-00C04F79EFBC}") = "ProductTrackingSystem", "ProductTrackingSystem\ProductTrackingSystem.csproj", "{10D1B808-2300-49BB-BBB7-3C0424D1CDC1}"
EndProject
Project("{FAE04EC0-301F-11D3-BF4B-00C04F79EFBC}") = "MovieTrackingSystem", "MovieTrackingSystem\MovieTrackingSystem.csproj", "{1810E07D-E0C7-473D-97F6-5076B0762C5B}"
EndProject
Project("{FAE04EC0-301F-11D3-BF4B-00C04F79EFBC}") = "Elektronics", "Elektronics\Elektronics.csproj", "{76BC9475-6507-43EE-8C8C-4EA6D5C63EF8}"
EndProject
Project("{FAE04EC0-301F-11D3-BF4B-00C04F79EFBC}") = "Transport", "Transport\Transport.csproj", "{16A07A8C-C788-4C15-850D-21BE33292BF5}"
EndProject
Project("{FAE04EC0-301F-11D3-BF4B-00C04F79EFBC}") = "School", "School\School.csproj", "{07BB745C-4E12-4D7B-A347-ADEF9F16133E}"
EndProject
Global
	GlobalSection(SolutionConfigurationPlatforms) = preSolution
		Debug|Any CPU = Debug|Any CPU
		Release|Any CPU = Release|Any CPU
	EndGlobalSection
	GlobalSection(ProjectConfigurationPlatforms) = postSolution
		{48505C8B-7F7F-41FF-AA9C-AF3D963E996E}.Debug|Any CPU.ActiveCfg = Debug|Any CPU
		{48505C8B-7F7F-41FF-AA9C-AF3D963E996E}.Debug|Any CPU.Build.0 = Debug|Any CPU
		{48505C8B-7F7F-41FF-AA9C-AF3D963E996E}.Release|Any CPU.ActiveCfg = Release|Any CPU
		{48505C8B-7F7F-41FF-AA9C-AF3D963E996E}.Release|Any CPU.Build.0 = Release|Any CPU
		{0E829403-8034-4F9B-9BBB-5FD220403115}.Debug|Any CPU.ActiveCfg = Debug|Any CPU
		{0E829403-8034-4F9B-9BBB-5FD220403115}.Debug|Any CPU.Build.0 = Debug|Any CPU
		{0E829403-8034-4F9B-9BBB-5FD220403115}.Release|Any CPU.ActiveCfg = Release|Any CPU
		{0E829403-8034-4F9B-9BBB-5FD220403115}.Release|Any CPU.Build.0 = Release|Any CPU
		{1F430238-D3B2-4DE2-B5C1-E45C63995DC3}.Debug|Any CPU.ActiveCfg = Debug|Any CPU
		{1F430238-D3B2-4DE2-B5C1-E45C63995DC3}.Debug|Any CPU.Build.0 = Debug|Any CPU
		{1F430238-D3B2-4DE2-B5C1-E45C63995DC3}.Release|Any CPU.ActiveCfg = Release|Any CPU
		{1F430238-D3B2-4DE2-B5C1-E45C63995DC3}.Release|Any CPU.Build.0 = Release|Any CPU
		{373BB105-005A-4201-A4D7-752639A00C01}.Debug|Any CPU.ActiveCfg = Debug|Any CPU
		{373BB105-005A-4201-A4D7-752639A00C01}.Debug|Any CPU.Build.0 = Debug|Any CPU
		{373BB105-005A-4201-A4D7-752639A00C01}.Release|Any CPU.ActiveCfg = Release|Any CPU
		{373BB105-005A-4201-A4D7-752639A00C01}.Release|Any CPU.Build.0 = Release|Any CPU
		{B97F04D6-F2B7-43D8-87EA-3C9DD563CFAC}.Debug|Any CPU.ActiveCfg = Debug|Any CPU
		{B97F04D6-F2B7-43D8-87EA-3C9DD563CFAC}.Debug|Any CPU.Build.0 = Debug|Any CPU
		{B97F04D6-F2B7-43D8-87EA-3C9DD563CFAC}.Release|Any CPU.ActiveCfg = Release|Any CPU
		{B97F04D6-F2B7-43D8-87EA-3C9DD563CFAC}.Release|Any CPU.Build.0 = Release|Any CPU
		{10D1B808-2300-49BB-BBB7-3C0424D1CDC1}.Debug|Any CPU.ActiveCfg = Debug|Any CPU
		{10D1B808-2300-49BB-BBB7-3C0424D1CDC1}.Debug|Any CPU.Build.0 = Debug|Any CPU
		{10D1B808-2300-49BB-BBB7-3C0424D1CDC1}.Release|Any CPU.ActiveCfg = Release|Any CPU
		{10D1B808-2300-49BB-BBB7-3C0424D1CDC1}.Release|Any CPU.Build.0 = Release|Any CPU
		{1810E07D-E0C7-473D-97F6-5076B0762C5B}.Debug|Any CPU.ActiveCfg = Debug|Any CPU
		{1810E07D-E0C7-473D-97F6-5076B0762C5B}.Debug|Any CPU.Build.0 = Debug|Any CPU
		{1810E07D-E0C7-473D-97F6-5076B0762C5B}.Release|Any CPU.ActiveCfg = Release|Any CPU
		{1810E07D-E0C7-473D-97F6-5076B0762C5B}.Release|Any CPU.Build.0 = Release|Any CPU
		{76BC9475-6507-43EE-8C8C-4EA6D5C63EF8}.Debug|Any CPU.ActiveCfg = Debug|Any CPU
		{76BC9475-6507-43EE-8C8C-4EA6D5C63EF8}.Debug|Any CPU.Build.0 = Debug|Any CPU
		{76BC9475-6507-43EE-8C8C-4EA6D5C63EF8}.Release|Any CPU.ActiveCfg = Release|Any CPU
		{76BC9475-6507-43EE-8C8C-4EA6D5C63EF8}.Release|Any CPU.Build.0 = Release|Any CPU
		{16A07A8C-C788-4C15-850D-21BE33292BF5}.Debug|Any CPU.ActiveCfg = Debug|Any CPU
		{16A07A8C-C788-4C15-850D-21BE33292BF5}.Debug|Any CPU.Build.0 = Debug|Any CPU
		{16A07A8C-C788-4C15-850D-21BE33292BF5}.Release|Any CPU.ActiveCfg = Release|Any CPU
		{16A07A8C-C788-4C15-850D-21BE33292BF5}.Release|Any CPU.Build.0 = Release|Any CPU
		{07BB745C-4E12-4D7B-A347-ADEF9F16133E}.Debug|Any CPU.ActiveCfg = Debug|Any CPU
		{07BB745C-4E12-4D7B-A347-ADEF9F16133E}.Debug|Any CPU.Build.0 = Debug|Any CPU
		{07BB745C-4E12-4D7B-A347-ADEF9F16133E}.Release|Any CPU.ActiveCfg = Release|Any CPU
		{07BB745C-4E12-4D7B-A347-ADEF9F16133E}.Release|Any CPU.Build.0 = Release|Any CPU
	EndGlobalSection
	GlobalSection(SolutionProperties) = preSolution
		HideSolutionNode = FALSE
	EndGlobalSection
	GlobalSection(ExtensibilityGlobals) = postSolution
		SolutionGuid = {30C3EF4A-99EC-49A3-B892-4C538A324EE4}
	EndGlobalSection
EndGlobal
